
Microsoft Visual Studio Solution File, Format Version 12.00
# Visual Studio Version 17
VisualStudioVersion = 17.0.31903.59
MinimumVisualStudioVersion = 10.0.40219.1
Project("{FAE04EC0-301F-11D3-BF4B-00C04F79EFBC}") = "SecurityApi", "SRC\SecurityApi\SecurityApi\SecurityApi.csproj", "{E7CA2F50-A875-48B4-9EF8-AB1B9FA03AA4}"
EndProject
Project("{2150E333-8FDC-42A3-9474-1A3956D46DE8}") = "Bernardo.SecurityApi", "Bernardo.SecurityApi", "{D1AA1C54-1586-4CF7-8440-441B53A57514}"
EndProject
Project("{2150E333-8FDC-42A3-9474-1A3956D46DE8}") = "Bernardo.Test", "Bernardo.Test", "{EDE61ADC-462D-42A3-B03D-AEF6B4A18468}"
EndProject
Project("{FAE04EC0-301F-11D3-BF4B-00C04F79EFBC}") = "SecurityApiTests", "SRC\Tests\SecurityApiTests\SecurityApiTests.csproj", "{E826FC02-C8CB-4C8A-AC62-45154D7D7593}"
EndProject
Global
	GlobalSection(SolutionConfigurationPlatforms) = preSolution
		Debug|Any CPU = Debug|Any CPU
		Release|Any CPU = Release|Any CPU
	EndGlobalSection
	GlobalSection(ProjectConfigurationPlatforms) = postSolution
		{E7CA2F50-A875-48B4-9EF8-AB1B9FA03AA4}.Debug|Any CPU.ActiveCfg = Debug|Any CPU
		{E7CA2F50-A875-48B4-9EF8-AB1B9FA03AA4}.Debug|Any CPU.Build.0 = Debug|Any CPU
		{E7CA2F50-A875-48B4-9EF8-AB1B9FA03AA4}.Release|Any CPU.ActiveCfg = Release|Any CPU
		{E7CA2F50-A875-48B4-9EF8-AB1B9FA03AA4}.Release|Any CPU.Build.0 = Release|Any CPU
		{E826FC02-C8CB-4C8A-AC62-45154D7D7593}.Debug|Any CPU.ActiveCfg = Debug|Any CPU
		{E826FC02-C8CB-4C8A-AC62-45154D7D7593}.Debug|Any CPU.Build.0 = Debug|Any CPU
		{E826FC02-C8CB-4C8A-AC62-45154D7D7593}.Release|Any CPU.ActiveCfg = Release|Any CPU
		{E826FC02-C8CB-4C8A-AC62-45154D7D7593}.Release|Any CPU.Build.0 = Release|Any CPU
	EndGlobalSection
	GlobalSection(SolutionProperties) = preSolution
		HideSolutionNode = FALSE
	EndGlobalSection
	GlobalSection(NestedProjects) = preSolution
		{E7CA2F50-A875-48B4-9EF8-AB1B9FA03AA4} = {D1AA1C54-1586-4CF7-8440-441B53A57514}
		{E826FC02-C8CB-4C8A-AC62-45154D7D7593} = {EDE61ADC-462D-42A3-B03D-AEF6B4A18468}
	EndGlobalSection
	GlobalSection(ExtensibilityGlobals) = postSolution
		SolutionGuid = {7950065B-57DF-4183-A2CB-A2360DC1B970}
	EndGlobalSection
EndGlobal
